<?xml version="1.0" encoding="utf-8"?>
<Project ToolsVersion="4.0" xmlns="http://schemas.microsoft.com/developer/msbuild/2003">
  <ItemGroup>
    <Filter Include="Engine">
      <UniqueIdentifier>{7fb4dcf3-f415-42dc-9833-55effdfbda36}</UniqueIdentifier>
    </Filter>
    <Filter Include="Engine\Audio">
      <UniqueIdentifier>{6f65dcdf-13db-4a13-b4db-eca9dd2bf01a}</UniqueIdentifier>
    </Filter>
    <Filter Include="Engine\GameObject">
      <UniqueIdentifier>{3e17c448-8b3e-4d33-a8c5-4271093c33f7}</UniqueIdentifier>
    </Filter>
    <Filter Include="Engine\Base">
      <UniqueIdentifier>{6bbc7512-db95-4f12-9f07-4bc03692aff0}</UniqueIdentifier>
    </Filter>
    <Filter Include="Engine\Collider">
      <UniqueIdentifier>{01b6080e-196a-4477-ade2-d1f5eb1ea148}</UniqueIdentifier>
    </Filter>
    <Filter Include="Engine\Debug">
      <UniqueIdentifier>{e1e0fc40-d0f5-4431-a078-feb19c088c5f}</UniqueIdentifier>
    </Filter>
    <Filter Include="Engine\GlobalVariables">
      <UniqueIdentifier>{563a803a-83df-4c8b-9589-213fa854e8f0}</UniqueIdentifier>
    </Filter>
    <Filter Include="Engine\Input">
      <UniqueIdentifier>{0c25757c-957a-46b2-aa4d-73105d63bf3a}</UniqueIdentifier>
    </Filter>
    <Filter Include="Engine\Light">
      <UniqueIdentifier>{9c6f0ab5-558b-47e1-a42e-850c957287af}</UniqueIdentifier>
    </Filter>
    <Filter Include="Engine\Math">
      <UniqueIdentifier>{15906156-8220-4807-b53c-4e9aeba633ef}</UniqueIdentifier>
    </Filter>
    <Filter Include="Engine\OBJ">
      <UniqueIdentifier>{6ccb7ea0-9630-4001-aff4-694d962fa173}</UniqueIdentifier>
    </Filter>
    <Filter Include="Engine\Resource">
      <UniqueIdentifier>{c082db3a-5345-46d6-a1df-caadcde494c6}</UniqueIdentifier>
    </Filter>
    <Filter Include="Engine\Scene">
      <UniqueIdentifier>{0a67c40b-b941-4ce8-bfa7-0db72d3c5539}</UniqueIdentifier>
    </Filter>
    <Filter Include="Engine\Sprite">
      <UniqueIdentifier>{455a5172-1301-45d9-bafc-1e0ea68c9e5f}</UniqueIdentifier>
    </Filter>
    <Filter Include="Engine\Collider\Shape">
      <UniqueIdentifier>{8435e582-6609-4afd-a125-63d88c1762ab}</UniqueIdentifier>
    </Filter>
    <Filter Include="Engine\GameObject\Box">
      <UniqueIdentifier>{98b16447-7f0e-49bc-a54d-aef1c3374e58}</UniqueIdentifier>
    </Filter>
    <Filter Include="Engine\GameObject\Camera">
      <UniqueIdentifier>{bb1a2925-5f95-436f-b4f7-f65a1b82fe6d}</UniqueIdentifier>
    </Filter>
    <Filter Include="Engine\GameObject\Sample">
      <UniqueIdentifier>{78bc8735-9ca6-46f6-9c32-354544a616ad}</UniqueIdentifier>
    </Filter>
    <Filter Include="Engine\Resource\Shader">
      <UniqueIdentifier>{84f284be-39e4-4dae-b4d0-e8c1c01a263f}</UniqueIdentifier>
    </Filter>
    <Filter Include="Engine\Resource\Texture">
      <UniqueIdentifier>{7f0a79a1-ad3e-41cb-ac93-a42e4c4096c6}</UniqueIdentifier>
    </Filter>
    <Filter Include="Engine\Scene\User">
      <UniqueIdentifier>{ea65add2-b454-4bee-a247-01b41f366629}</UniqueIdentifier>
    </Filter>
    <Filter Include="Engine\ImGui">
      <UniqueIdentifier>{8a6be271-d072-4fe2-8329-882451aaa498}</UniqueIdentifier>
    </Filter>
  </ItemGroup>
  <ItemGroup>
    <ClCompile Include="Engine\Base\DirectXCommon.cpp">
      <Filter>Engine\Base</Filter>
    </ClCompile>
    <ClCompile Include="Engine\Base\WinApp.cpp">
      <Filter>Engine\Base</Filter>
    </ClCompile>
    <ClCompile Include="Engine\Audio\Audio.cpp">
      <Filter>Engine\Audio</Filter>
    </ClCompile>
    <ClCompile Include="Engine\Collider\CollisionManager.cpp">
      <Filter>Engine\Collider</Filter>
    </ClCompile>
    <ClCompile Include="Engine\Debug\Debug.cpp">
      <Filter>Engine\Debug</Filter>
    </ClCompile>
    <ClCompile Include="Engine\GameObject\GameObjectManager.cpp">
      <Filter>Engine\GameObject</Filter>
    </ClCompile>
    <ClCompile Include="Engine\GameObject\WorldTransform.cpp">
      <Filter>Engine\GameObject</Filter>
    </ClCompile>
    <ClCompile Include="Engine\GameObject\Box\Box.cpp">
      <Filter>Engine\GameObject\Box</Filter>
    </ClCompile>
    <ClCompile Include="Engine\GameObject\Camera\Camera.cpp">
      <Filter>Engine\GameObject\Camera</Filter>
    </ClCompile>
    <ClCompile Include="Engine\GameObject\Sample\SamplePlayer.cpp">
      <Filter>Engine\GameObject\Sample</Filter>
    </ClCompile>
    <ClCompile Include="Engine\GlobalVariables\GlobalVariables.cpp">
      <Filter>Engine\GlobalVariables</Filter>
    </ClCompile>
    <ClCompile Include="Engine\Input\Input.cpp">
      <Filter>Engine\Input</Filter>
    </ClCompile>
    <ClCompile Include="Engine\Light\LightGroup.cpp">
      <Filter>Engine\Light</Filter>
    </ClCompile>
    <ClCompile Include="Engine\Math\Math.cpp">
      <Filter>Engine\Math</Filter>
    </ClCompile>
    <ClCompile Include="Engine\OBJ\ModelManager.cpp">
      <Filter>Engine\OBJ</Filter>
    </ClCompile>
    <ClCompile Include="Engine\OBJ\OBJ.cpp">
      <Filter>Engine\OBJ</Filter>
    </ClCompile>
    <ClCompile Include="Engine\Resource\Texture\TextureManager.cpp">
      <Filter>Engine\Resource\Texture</Filter>
    </ClCompile>
    <ClCompile Include="Engine\Scene\SceneManager.cpp">
      <Filter>Engine\Scene</Filter>
    </ClCompile>
    <ClCompile Include="Engine\Scene\user\GameScene.cpp">
      <Filter>Engine\Scene\User</Filter>
    </ClCompile>
    <ClCompile Include="Engine\Scene\user\TitleScene.cpp">
      <Filter>Engine\Scene\User</Filter>
    </ClCompile>
    <ClCompile Include="Engine\Sprite\Sprite.cpp">
      <Filter>Engine\Sprite</Filter>
    </ClCompile>
    <ClCompile Include="Engine\externals\imgui\imgui.cpp">
      <Filter>Engine\ImGui</Filter>
    </ClCompile>
    <ClCompile Include="Engine\externals\imgui\imgui_demo.cpp">
      <Filter>Engine\ImGui</Filter>
    </ClCompile>
    <ClCompile Include="Engine\externals\imgui\imgui_draw.cpp">
      <Filter>Engine\ImGui</Filter>
    </ClCompile>
    <ClCompile Include="Engine\externals\imgui\imgui_impl_dx12.cpp">
      <Filter>Engine\ImGui</Filter>
    </ClCompile>
    <ClCompile Include="Engine\externals\imgui\imgui_impl_win32.cpp">
      <Filter>Engine\ImGui</Filter>
    </ClCompile>
    <ClCompile Include="Engine\externals\imgui\imgui_tables.cpp">
      <Filter>Engine\ImGui</Filter>
    </ClCompile>
    <ClCompile Include="Engine\externals\imgui\imgui_widgets.cpp">
      <Filter>Engine\ImGui</Filter>
    </ClCompile>
    <ClCompile Include="Engine\externals\imgui\ImGuiManager.cpp">
      <Filter>Engine\ImGui</Filter>
    </ClCompile>
    <ClCompile Include="main.cpp" />
  </ItemGroup>
  <ItemGroup>
    <ClInclude Include="Engine\Base\DirectXCommon.h">
      <Filter>Engine\Base</Filter>
    </ClInclude>
    <ClInclude Include="Engine\Base\SafeDelete.h">
      <Filter>Engine\Base</Filter>
    </ClInclude>
    <ClInclude Include="Engine\Base\WinApp.h">
      <Filter>Engine\Base</Filter>
    </ClInclude>
    <ClInclude Include="Engine\Audio\Audio.h">
      <Filter>Engine\Audio</Filter>
    </ClInclude>
    <ClInclude Include="Engine\Collider\Collider.h">
      <Filter>Engine\Collider</Filter>
    </ClInclude>
    <ClInclude Include="Engine\Collider\CollisionManager.h">
      <Filter>Engine\Collider</Filter>
    </ClInclude>
    <ClInclude Include="Engine\Collider\ShapeList.h">
      <Filter>Engine\Collider</Filter>
    </ClInclude>
    <ClInclude Include="Engine\Collider\Shape\AABB.h">
      <Filter>Engine\Collider\Shape</Filter>
    </ClInclude>
    <ClInclude Include="Engine\Collider\Shape\BaseShape.h">
      <Filter>Engine\Collider\Shape</Filter>
    </ClInclude>
    <ClInclude Include="Engine\Collider\Shape\Sphere.h">
      <Filter>Engine\Collider\Shape</Filter>
    </ClInclude>
    <ClInclude Include="Engine\Debug\Debug.h">
      <Filter>Engine\Debug</Filter>
    </ClInclude>
    <ClInclude Include="Engine\GameObject\BaseObject.h">
      <Filter>Engine\GameObject</Filter>
    </ClInclude>
    <ClInclude Include="Engine\GameObject\GameObjectManager.h">
      <Filter>Engine\GameObject</Filter>
    </ClInclude>
    <ClInclude Include="Engine\GameObject\ObjectList.h">
      <Filter>Engine\GameObject</Filter>
    </ClInclude>
    <ClInclude Include="Engine\GameObject\WorldTransform.h">
      <Filter>Engine\GameObject</Filter>
    </ClInclude>
    <ClInclude Include="Engine\GameObject\Box\Box.h">
      <Filter>Engine\GameObject\Box</Filter>
    </ClInclude>
    <ClInclude Include="Engine\GameObject\Camera\Camera.h">
      <Filter>Engine\GameObject\Camera</Filter>
    </ClInclude>
    <ClInclude Include="Engine\GameObject\Sample\SamplePlayer.h">
      <Filter>Engine\GameObject\Sample</Filter>
    </ClInclude>
    <ClInclude Include="Engine\GlobalVariables\GlobalVariables.h">
      <Filter>Engine\GlobalVariables</Filter>
    </ClInclude>
    <ClInclude Include="Engine\Input\Input.h">
      <Filter>Engine\Input</Filter>
    </ClInclude>
    <ClInclude Include="Engine\Light\DirectionalLight.h">
      <Filter>Engine\Light</Filter>
    </ClInclude>
    <ClInclude Include="Engine\Light\LightGroup.h">
      <Filter>Engine\Light</Filter>
    </ClInclude>
    <ClInclude Include="Engine\Math\Math.h">
      <Filter>Engine\Math</Filter>
    </ClInclude>
    <ClInclude Include="Engine\Math\Matrix4x4.h">
      <Filter>Engine\Math</Filter>
    </ClInclude>
    <ClInclude Include="Engine\Math\Vector2.h">
      <Filter>Engine\Math</Filter>
    </ClInclude>
    <ClInclude Include="Engine\Math\Vector3.h">
      <Filter>Engine\Math</Filter>
    </ClInclude>
    <ClInclude Include="Engine\Math\Vector4.h">
      <Filter>Engine\Math</Filter>
    </ClInclude>
    <ClInclude Include="Engine\OBJ\ModelManager.h">
      <Filter>Engine\OBJ</Filter>
    </ClInclude>
    <ClInclude Include="Engine\OBJ\OBJ.h">
      <Filter>Engine\OBJ</Filter>
    </ClInclude>
    <ClInclude Include="Engine\Resource\Texture\TextureManager.h">
      <Filter>Engine\Resource\Texture</Filter>
    </ClInclude>
    <ClInclude Include="Engine\Scene\BaseScene.h">
      <Filter>Engine\Scene</Filter>
    </ClInclude>
    <ClInclude Include="Engine\Scene\SceneManager.h">
      <Filter>Engine\Scene</Filter>
    </ClInclude>
    <ClInclude Include="Engine\Scene\user\GameScene.h">
      <Filter>Engine\Scene\User</Filter>
    </ClInclude>
    <ClInclude Include="Engine\Scene\user\SceneList.h">
      <Filter>Engine\Scene\User</Filter>
    </ClInclude>
    <ClInclude Include="Engine\Scene\user\TitleScene.h">
      <Filter>Engine\Scene\User</Filter>
    </ClInclude>
    <ClInclude Include="Engine\Sprite\Sprite.h">
      <Filter>Engine\Sprite</Filter>
    </ClInclude>
    <ClInclude Include="Engine\Sprite\SpriteList.h">
      <Filter>Engine\Sprite</Filter>
    </ClInclude>
    <ClInclude Include="Engine\externals\imgui\imconfig.h">
      <Filter>Engine\ImGui</Filter>
    </ClInclude>
    <ClInclude Include="Engine\externals\imgui\imgui.h">
      <Filter>Engine\ImGui</Filter>
    </ClInclude>
    <ClInclude Include="Engine\externals\imgui\imgui_impl_dx12.h">
      <Filter>Engine\ImGui</Filter>
    </ClInclude>
    <ClInclude Include="Engine\externals\imgui\imgui_impl_win32.h">
      <Filter>Engine\ImGui</Filter>
    </ClInclude>
    <ClInclude Include="Engine\externals\imgui\imgui_internal.h">
      <Filter>Engine\ImGui</Filter>
    </ClInclude>
    <ClInclude Include="Engine\externals\imgui\ImGuiManager.h">
      <Filter>Engine\ImGui</Filter>
    </ClInclude>
    <ClInclude Include="Engine\externals\imgui\imstb_rectpack.h">
      <Filter>Engine\ImGui</Filter>
    </ClInclude>
    <ClInclude Include="Engine\externals\imgui\imstb_textedit.h">
      <Filter>Engine\ImGui</Filter>
    </ClInclude>
    <ClInclude Include="Engine\externals\imgui\imstb_truetype.h">
      <Filter>Engine\ImGui</Filter>
    </ClInclude>
  </ItemGroup>
  <ItemGroup>
    <None Include="Engine\Resource\Shader\Object3D.hlsli">
      <Filter>Engine\Resource\Shader</Filter>
    </None>
    <None Include="Engine\Resource\Shader\Sprite.hlsli">
      <Filter>Engine\Resource\Shader</Filter>
    </None>
    <None Include="Engine\externals\imgui\.editorconfig">
      <Filter>Engine\ImGui</Filter>
    </None>
    <None Include="Engine\externals\imgui\.gitattributes">
      <Filter>Engine\ImGui</Filter>
    </None>
    <None Include="Engine\externals\imgui\.gitignore">
      <Filter>Engine\ImGui</Filter>
    </None>
  </ItemGroup>
  <ItemGroup>
    <FxCompile Include="Engine\Resource\Shader\Object3D.PS.hlsl">
      <Filter>Engine\Resource\Shader</Filter>
    </FxCompile>
    <FxCompile Include="Engine\Resource\Shader\Object3D.VS.hlsl">
      <Filter>Engine\Resource\Shader</Filter>
    </FxCompile>
    <FxCompile Include="Engine\Resource\Shader\SpritePS.hlsl">
      <Filter>Engine\Resource\Shader</Filter>
    </FxCompile>
    <FxCompile Include="Engine\Resource\Shader\SpriteVS.hlsl">
      <Filter>Engine\Resource\Shader</Filter>
    </FxCompile>
  </ItemGroup>
  <ItemGroup>
    <Text Include="Engine\externals\imgui\LICENSE.txt">
      <Filter>Engine\ImGui</Filter>
    </Text>
  </ItemGroup>
</Project>