<?xml version="1.0" encoding="utf-8"?>
<Project ToolsVersion="4.0" xmlns="http://schemas.microsoft.com/developer/msbuild/2003">
  <ItemGroup>
    <ClCompile Include="Externals\imgui\ImGuiManager.cpp">
      <Filter>Externals\ImGui</Filter>
    </ClCompile>
    <ClCompile Include="Externals\imgui\imgui.cpp">
      <Filter>Externals\ImGui</Filter>
    </ClCompile>
    <ClCompile Include="Externals\imgui\imgui_draw.cpp">
      <Filter>Externals\ImGui</Filter>
    </ClCompile>
    <ClCompile Include="Externals\imgui\imgui_tables.cpp">
      <Filter>Externals\ImGui</Filter>
    </ClCompile>
    <ClCompile Include="Externals\imgui\imgui_widgets.cpp">
      <Filter>Externals\ImGui</Filter>
    </ClCompile>
    <ClCompile Include="Externals\imgui\imgui_demo.cpp">
      <Filter>Externals\ImGui</Filter>
    </ClCompile>
    <ClCompile Include="Externals\imgui\imgui_impl_dx12.cpp">
      <Filter>Externals\ImGui</Filter>
    </ClCompile>
    <ClCompile Include="Externals\imgui\imgui_impl_win32.cpp">
      <Filter>Externals\ImGui</Filter>
    </ClCompile>
    <ClCompile Include="Engine\Base\DescriptorHeaps\RTV.cpp">
      <Filter>Engine\Base\DescriptorHeaps</Filter>
    </ClCompile>
    <ClCompile Include="Engine\Base\DescriptorHeaps\IDescriptorHeap.cpp">
      <Filter>Engine\Base\DescriptorHeaps</Filter>
    </ClCompile>
    <ClCompile Include="Engine\Base\DescriptorHeaps\SRV.cpp">
      <Filter>Engine\Base\DescriptorHeaps</Filter>
    </ClCompile>
    <ClCompile Include="Engine\Base\DescriptorHeaps\DSV.cpp">
      <Filter>Engine\Base\DescriptorHeaps</Filter>
    </ClCompile>
    <ClCompile Include="Engine\Base\Device\DirectXDevice.cpp">
      <Filter>Engine\Base\Device</Filter>
    </ClCompile>
    <ClCompile Include="Engine\Base\PSO\PSO.cpp">
      <Filter>Engine\Base\PSO</Filter>
    </ClCompile>
    <ClCompile Include="Engine\Primitive\IPrimitive.cpp">
      <Filter>Engine\Primitive</Filter>
    </ClCompile>
    <ClCompile Include="Engine\Resource\Texture\Texture.cpp">
      <Filter>Engine\Resource\Texture</Filter>
    </ClCompile>
    <ClCompile Include="Engine\Resource\Material\Material.cpp">
      <Filter>Engine\Resource\Material</Filter>
    </ClCompile>
    <ClCompile Include="Engine\Resource\Texture\TextureManager.cpp">
      <Filter>Engine\Resource\Texture</Filter>
    </ClCompile>
    <ClCompile Include="Engine\Scene\BaseScene.cpp">
      <Filter>App\Scene</Filter>
    </ClCompile>
    <ClCompile Include="Engine\GameObject\IObject.cpp">
      <Filter>App\GameObject</Filter>
    </ClCompile>
    <ClCompile Include="Engine\Primitive\PrimitiveManager.cpp">
      <Filter>Engine\Primitive</Filter>
    </ClCompile>
    <ClCompile Include="Engine\GameObject\Core\Camera.cpp">
      <Filter>App\GameObject\Core</Filter>
    </ClCompile>
    <ClCompile Include="Engine\GameObject\GameObjectManager.cpp">
      <Filter>App\GameObject</Filter>
    </ClCompile>
    <ClCompile Include="Engine\Scene\User\TitleScene.cpp">
      <Filter>App\Scene\User</Filter>
    </ClCompile>
    <ClCompile Include="Engine\Scene\User\GameScene.cpp">
      <Filter>App\Scene\User</Filter>
    </ClCompile>
    <ClCompile Include="Engine\GameObject\Samples\SampleSkyDome\SkyDome.cpp">
      <Filter>App\GameObject\Samples\SkyDome</Filter>
    </ClCompile>
    <ClCompile Include="Engine\Collider\Collider.cpp">
      <Filter>Engine\Collider</Filter>
    </ClCompile>
    <ClCompile Include="Engine\Collider\CollisionManager.cpp">
      <Filter>Engine\Collider</Filter>
    </ClCompile>
    <ClCompile Include="Engine\Math\Quaternion.cpp">
      <Filter>Engine\Math</Filter>
    </ClCompile>
    <ClCompile Include="Engine\Utility\Timer\DeltaTimer.cpp">
      <Filter>App\Utility\Timer</Filter>
    </ClCompile>
    <ClCompile Include="Engine\Utility\Easing\Easing.cpp">
      <Filter>App\Utility\Easing</Filter>
    </ClCompile>
    <ClCompile Include="Engine\Sprite\Sprite.cpp">
      <Filter>App\Sprite</Filter>
    </ClCompile>
    <ClCompile Include="Engine\Sprite\SpriteManager.cpp">
      <Filter>App\Sprite</Filter>
    </ClCompile>
    <ClCompile Include="Engine\Scene\User\SampleScene.cpp">
      <Filter>App\Scene\User</Filter>
    </ClCompile>
    <ClCompile Include="Engine\Particle\IParticleEmitter.cpp">
      <Filter>Engine\Particle</Filter>
    </ClCompile>
    <ClCompile Include="Engine\Particle\IParticle.cpp">
      <Filter>Engine\Particle</Filter>
    </ClCompile>
    <ClCompile Include="Engine\Particle\ParticleEmitterManager.cpp">
      <Filter>Engine\Particle</Filter>
    </ClCompile>
    <ClCompile Include="Engine\Utility\Animation\AnimationManager.cpp">
      <Filter>App\Utility\Animation</Filter>
    </ClCompile>
    <ClCompile Include="Engine\Utility\Animation\Animation.cpp">
      <Filter>App\Utility\Animation</Filter>
    </ClCompile>
    <ClCompile Include="Engine\GameObject\User\TestObject\TestObject.cpp">
      <Filter>App\GameObject\User\TestObject</Filter>
    </ClCompile>
    <ClCompile Include="Engine\Utility\Observer\Observer.cpp">
      <Filter>App\Utility\Observer</Filter>
    </ClCompile>
    <ClCompile Include="Engine\Audio\Audio.cpp">
      <Filter>Engine\Audio</Filter>
    </ClCompile>
    <ClCompile Include="Engine\Debug\Debug.cpp">
      <Filter>Engine\Debug</Filter>
    </ClCompile>
    <ClCompile Include="Engine\Base\DirectXCommon.cpp">
      <Filter>Engine\Base</Filter>
    </ClCompile>
    <ClCompile Include="Engine\GlobalVariables\GlobalVariables.cpp">
      <Filter>Engine\GlobalVariables</Filter>
    </ClCompile>
    <ClCompile Include="Engine\Input\Input.cpp">
      <Filter>Engine\Input</Filter>
    </ClCompile>
    <ClCompile Include="Engine\Utility\Line\Line.cpp">
      <Filter>App\Utility\Line</Filter>
    </ClCompile>
    <ClCompile Include="Engine\Base\WinApp.cpp">
      <Filter>Engine\Base</Filter>
    </ClCompile>
    <ClCompile Include="Engine\GameObject\WorldTransform.cpp">
      <Filter>App\GameObject</Filter>
    </ClCompile>
    <ClCompile Include="Engine\Audio\Audio.cpp">
      <Filter>Engine\Audio</Filter>
    </ClCompile>
    <ClCompile Include="Engine\Debug\Debug.cpp">
      <Filter>Engine\Debug</Filter>
    </ClCompile>
    <ClCompile Include="Engine\Base\DirectXCommon.cpp">
      <Filter>Engine\Base</Filter>
    </ClCompile>
    <ClCompile Include="Engine\GlobalVariables\GlobalVariables.cpp">
      <Filter>Engine\GlobalVariables</Filter>
    </ClCompile>
    <ClCompile Include="Engine\Input\Input.cpp">
      <Filter>Engine\Input</Filter>
    </ClCompile>
    <ClCompile Include="Engine\Utility\Line\Line.cpp">
      <Filter>App\Utility\Line</Filter>
    </ClCompile>
    <ClCompile Include="Engine\Base\WinApp.cpp">
      <Filter>Engine\Base</Filter>
    </ClCompile>
    <ClCompile Include="Engine\GameObject\WorldTransform.cpp">
      <Filter>App\GameObject</Filter>
    </ClCompile>
    <ClCompile Include="Game\Game.cpp">
      <Filter>Game</Filter>
    </ClCompile>
    <ClCompile Include="Engine\KEngine.cpp">
      <Filter>Engine</Filter>
    </ClCompile>
    <ClCompile Include="Engine\Scene\SceneManager.cpp">
      <Filter>Engine\Scene</Filter>
    </ClCompile>
    <ClCompile Include="Engine\Scene\SceneFactory.cpp">
      <Filter>App\Scene</Filter>
    </ClCompile>
    <ClCompile Include="Engine\Math\Matrix4x4.cpp">
      <Filter>Engine\Math</Filter>
    </ClCompile>
    <ClCompile Include="Engine\Math\Vector2.cpp">
      <Filter>Engine\Math</Filter>
    </ClCompile>
    <ClCompile Include="Engine\Math\Vector3.cpp">
      <Filter>Engine\Math</Filter>
    </ClCompile>
    <ClCompile Include="Engine\Math\Vector4.cpp">
      <Filter>Engine\Math</Filter>
    </ClCompile>
    <ClCompile Include="Engine\Utility\DataSegment\DataSegment.cpp">
      <Filter>App\Utility\DataSegment</Filter>
    </ClCompile>
    <ClCompile Include="Engine\Base\DescriptorHeaps\HeapManager.cpp">
      <Filter>Engine\Base\DescriptorHeaps</Filter>
    </ClCompile>
    <ClCompile Include="Engine\Base\DXC\DXC.cpp">
      <Filter>Engine\Base\DXC</Filter>
    </ClCompile>
    <ClCompile Include="Engine\Base\Renderer\NormalRenderer.cpp">
      <Filter>Engine\Base\Renderer</Filter>
    </ClCompile>
    <ClCompile Include="Engine\Base\Renderer\RendererManager.cpp">
      <Filter>Engine\Base\Renderer</Filter>
    </ClCompile>
    <ClCompile Include="Engine\Base\Resource\Rendering\TextureResource.cpp">
      <Filter>Engine\Base\Resource\Rendering</Filter>
    </ClCompile>
    <ClCompile Include="Engine\Base\Resource\Rendering\DepthStencil.cpp">
      <Filter>Engine\Base\Resource\Rendering</Filter>
    </ClCompile>
    <ClCompile Include="Engine\Base\Resource\Rendering\BackBuffer.cpp">
      <Filter>Engine\Base\Resource\Rendering</Filter>
    </ClCompile>
    <ClCompile Include="Engine\Base\RootSignature\ModelRootSignature.cpp">
      <Filter>Engine\Base\RootSignature</Filter>
    </ClCompile>
    <ClCompile Include="Engine\Base\RootSignature\RootSignatureManager.cpp">
      <Filter>Engine\Base\RootSignature</Filter>
    </ClCompile>
    <ClCompile Include="Engine\Base\RootSignature\IRootSignature.cpp">
      <Filter>Engine\Base\RootSignature</Filter>
    </ClCompile>
    <ClCompile Include="Engine\Utility\IndexList\IndexList.cpp">
      <Filter>App\Utility\IndexList</Filter>
    </ClCompile>
    <ClCompile Include="Engine\Lighting\Light\DirectionalLight.cpp">
      <Filter>Engine\Lighting\Light</Filter>
    </ClCompile>
    <ClCompile Include="Engine\Base\RootSignature\SkinModelRootSignature.cpp">
      <Filter>Engine\Base\RootSignature</Filter>
    </ClCompile>
    <ClCompile Include="Engine\GameObject\Samples\SampleSkinAnim\SampleAnim.cpp">
      <Filter>App\GameObject\Samples\SampleSkinAnim</Filter>
    </ClCompile>
    <ClCompile Include="Engine\Base\Renderer\PPRenderer.cpp">
      <Filter>Engine\Base\Renderer</Filter>
    </ClCompile>
    <ClCompile Include="Engine\Base\Resource\Rendering\RenderResource.cpp">
      <Filter>Engine\Base\Resource\Rendering</Filter>
    </ClCompile>
    <ClCompile Include="Engine\Base\Renderer\CopyRenderer.cpp">
      <Filter>Engine\Base\Renderer</Filter>
    </ClCompile>
    <ClCompile Include="Engine\Model\ModelManager.cpp">
      <Filter>Engine\Model</Filter>
    </ClCompile>
    <ClCompile Include="Engine\Model\NormalModel.cpp">
      <Filter>Engine\Model</Filter>
    </ClCompile>
    <ClCompile Include="Engine\Model\SkiningModel.cpp">
      <Filter>Engine\Model</Filter>
    </ClCompile>
    <ClCompile Include="Engine\GameObject\QuatWorldTransform.cpp">
      <Filter>App\GameObject</Filter>
    </ClCompile>
    <ClCompile Include="main.cpp" />
    <ClCompile Include="Engine\Model\Component\Joint.cpp">
      <Filter>Engine\Model\Component</Filter>
    </ClCompile>
    <ClCompile Include="Engine\Model\Component\JointWeight.cpp">
      <Filter>Engine\Model\Component</Filter>
    </ClCompile>
    <ClCompile Include="Engine\Model\Component\Mesh.cpp">
      <Filter>Engine\Model\Component</Filter>
    </ClCompile>
    <ClCompile Include="Engine\Model\Component\Node.cpp">
      <Filter>Engine\Model\Component</Filter>
    </ClCompile>
    <ClCompile Include="Engine\Model\Component\Skelton.cpp">
      <Filter>Engine\Model\Component</Filter>
    </ClCompile>
    <ClCompile Include="Engine\Model\Component\SkinCluster.cpp">
      <Filter>Engine\Model\Component</Filter>
    </ClCompile>
    <ClCompile Include="Engine\Model\Data\ModelData.cpp">
      <Filter>Engine\Model\Data</Filter>
    </ClCompile>
    <ClCompile Include="Engine\Model\Data\ModelDataManager.cpp">
      <Filter>Engine\Model\Data</Filter>
    </ClCompile>
    <ClCompile Include="Engine\Model\Animation\SkinAnimation.cpp">
      <Filter>Engine\Model\Animation</Filter>
    </ClCompile>
    <ClCompile Include="Engine\Model\Animation\SkinAnimationManager.cpp">
      <Filter>Engine\Model\Animation</Filter>
    </ClCompile>
    <ClCompile Include="Engine\PostProcess\PostProcessor.cpp">
      <Filter>Engine\PostProcess</Filter>
    </ClCompile>
    <ClCompile Include="Engine\PostProcess\GrayScale\GrayScale.cpp">
      <Filter>Engine\PostProcess\GrayScale</Filter>
    </ClCompile>
    <ClCompile Include="Engine\PostProcess\GaussianFilter\GaussianFilter.cpp">
      <Filter>Engine\PostProcess\Gaussian</Filter>
    </ClCompile>
    <ClCompile Include="Engine\PostProcess\Vignette\Vignette.cpp">
      <Filter>Engine\PostProcess\Vignette</Filter>
    </ClCompile>
    <ClCompile Include="Engine\Base\RootSignature\ParticleRootSignature.cpp">
      <Filter>Engine\Base\RootSignature</Filter>
    </ClCompile>
    <ClCompile Include="Engine\Model\ParticleModel.cpp">
      <Filter>Engine\Model</Filter>
    </ClCompile>
    <ClCompile Include="Engine\GameObject\Samples\SampleParticle\SampleParticle.cpp">
      <Filter>App\GameObject\Samples\SampleParticle</Filter>
    </ClCompile>
    <ClCompile Include="Engine\Model\SpriteModel.cpp">
      <Filter>Engine\Model</Filter>
    </ClCompile>
    <ClCompile Include="Engine\Base\RootSignature\SpriteRootSignature.cpp">
      <Filter>Engine\Base\RootSignature</Filter>
    </ClCompile>
    <ClCompile Include="Engine\GameObject\Samples\SampleLevel\SampleLevelObjects.cpp" />
    <ClCompile Include="Engine\Level\LevelLoader.cpp" />
    <ClCompile Include="Engine\Primitive\2d\BillboardPlane.cpp" />
    <ClCompile Include="Engine\Primitive\2d\Plane.cpp" />
  </ItemGroup>
  <ItemGroup>
    <ClInclude Include="Engine\Audio\Audio.h">
      <Filter>Engine\Audio</Filter>
    </ClInclude>
    <ClInclude Include="Engine\Base\DirectXCommon.h">
      <Filter>Engine\Base</Filter>
    </ClInclude>
    <ClInclude Include="Engine\Base\WinApp.h">
      <Filter>Engine\Base</Filter>
    </ClInclude>
    <ClInclude Include="Engine\Base\SafeDelete.h">
      <Filter>Engine\Base</Filter>
    </ClInclude>
    <ClInclude Include="Engine\Debug\Debug.h">
      <Filter>Engine\Debug</Filter>
    </ClInclude>
    <ClInclude Include="Engine\GlobalVariables\GlobalVariables.h">
      <Filter>Engine\GlobalVariables</Filter>
    </ClInclude>
    <ClInclude Include="Engine\Input\Input.h">
      <Filter>Engine\Input</Filter>
    </ClInclude>
    <ClInclude Include="Engine\Math\Matrix4x4.h">
      <Filter>Engine\Math</Filter>
    </ClInclude>
    <ClInclude Include="Engine\Math\Vector2.h">
      <Filter>Engine\Math</Filter>
    </ClInclude>
    <ClInclude Include="Engine\Math\Vector3.h">
      <Filter>Engine\Math</Filter>
    </ClInclude>
    <ClInclude Include="Engine\Math\Vector4.h">
      <Filter>Engine\Math</Filter>
    </ClInclude>
    <ClInclude Include="Externals\imgui\ImGuiManager.h">
      <Filter>Externals\ImGui</Filter>
    </ClInclude>
    <ClInclude Include="Externals\imgui\imconfig.h">
      <Filter>Externals\ImGui</Filter>
    </ClInclude>
    <ClInclude Include="Externals\imgui\imgui_internal.h">
      <Filter>Externals\ImGui</Filter>
    </ClInclude>
    <ClInclude Include="Externals\imgui\imstb_rectpack.h">
      <Filter>Externals\ImGui</Filter>
    </ClInclude>
    <ClInclude Include="Externals\imgui\imstb_textedit.h">
      <Filter>Externals\ImGui</Filter>
    </ClInclude>
    <ClInclude Include="Externals\imgui\imstb_truetype.h">
      <Filter>Externals\ImGui</Filter>
    </ClInclude>
    <ClInclude Include="Externals\imgui\imgui.h">
      <Filter>Externals\ImGui</Filter>
    </ClInclude>
    <ClInclude Include="Externals\imgui\imgui_impl_dx12.h">
      <Filter>Externals\ImGui</Filter>
    </ClInclude>
    <ClInclude Include="Externals\imgui\imgui_impl_win32.h">
      <Filter>Externals\ImGui</Filter>
    </ClInclude>
    <ClInclude Include="Engine\Base\DescriptorHeaps\RTV.h">
      <Filter>Engine\Base\DescriptorHeaps</Filter>
    </ClInclude>
    <ClInclude Include="Engine\Base\DescriptorHeaps\IDescriptorHeap.h">
      <Filter>Engine\Base\DescriptorHeaps</Filter>
    </ClInclude>
    <ClInclude Include="Engine\Base\DescriptorHeaps\SRV.h">
      <Filter>Engine\Base\DescriptorHeaps</Filter>
    </ClInclude>
    <ClInclude Include="Engine\Base\DescriptorHeaps\DSV.h">
      <Filter>Engine\Base\DescriptorHeaps</Filter>
    </ClInclude>
    <ClInclude Include="Engine\Base\Device\DirectXDevice.h">
      <Filter>Engine\Base\Device</Filter>
    </ClInclude>
    <ClInclude Include="Engine\Base\PSO\PSO.h">
      <Filter>Engine\Base\PSO</Filter>
    </ClInclude>
    <ClInclude Include="Engine\Primitive\IPrimitive.h">
      <Filter>Engine\Primitive</Filter>
    </ClInclude>
    <ClInclude Include="Engine\Resource\Texture\Texture.h">
      <Filter>Engine\Resource\Texture</Filter>
    </ClInclude>
    <ClInclude Include="Engine\Resource\Material\Material.h">
      <Filter>Engine\Resource\Material</Filter>
    </ClInclude>
    <ClInclude Include="Engine\GameObject\WorldTransform.h">
      <Filter>App\GameObject</Filter>
    </ClInclude>
    <ClInclude Include="Engine\Resource\Texture\TextureManager.h">
      <Filter>Engine\Resource\Texture</Filter>
    </ClInclude>
    <ClInclude Include="Engine\Scene\BaseScene.h">
      <Filter>App\Scene</Filter>
    </ClInclude>
    <ClInclude Include="Engine\GameObject\IObject.h">
      <Filter>App\GameObject</Filter>
    </ClInclude>
    <ClInclude Include="Engine\Primitive\PrimitiveManager.h">
      <Filter>Engine\Primitive</Filter>
    </ClInclude>
    <ClInclude Include="Engine\GameObject\Core\Camera.h">
      <Filter>App\GameObject\Core</Filter>
    </ClInclude>
    <ClInclude Include="Engine\GameObject\GameObjectManager.h">
      <Filter>App\GameObject</Filter>
    </ClInclude>
    <ClInclude Include="Engine\GameObject\ObjectList.h">
      <Filter>App\GameObject</Filter>
    </ClInclude>
    <ClInclude Include="Engine\Scene\SceneList.h">
      <Filter>App\Scene</Filter>
    </ClInclude>
    <ClInclude Include="Engine\Scene\User\TitleScene.h">
      <Filter>App\Scene\User</Filter>
    </ClInclude>
    <ClInclude Include="Engine\Scene\User\GameScene.h">
      <Filter>App\Scene\User</Filter>
    </ClInclude>
    <ClInclude Include="Engine\GameObject\Samples\SampleSkyDome\SkyDome.h">
      <Filter>App\GameObject\Samples\SkyDome</Filter>
    </ClInclude>
    <ClInclude Include="Engine\Collider\Collider.h">
      <Filter>Engine\Collider</Filter>
    </ClInclude>
    <ClInclude Include="Engine\Collider\CollisionManager.h">
      <Filter>Engine\Collider</Filter>
    </ClInclude>
    <ClInclude Include="Engine\Collider\ShapeList.h">
      <Filter>Engine\Collider</Filter>
    </ClInclude>
    <ClInclude Include="Engine\Collider\Shape\AABB.h">
      <Filter>Engine\Collider\Shape</Filter>
    </ClInclude>
    <ClInclude Include="Engine\Collider\Shape\BaseShape.h">
      <Filter>Engine\Collider\Shape</Filter>
    </ClInclude>
    <ClInclude Include="Engine\Collider\Shape\OBB.h">
      <Filter>Engine\Collider\Shape</Filter>
    </ClInclude>
    <ClInclude Include="Engine\Collider\Shape\Sphere.h">
      <Filter>Engine\Collider\Shape</Filter>
    </ClInclude>
    <ClInclude Include="Engine\Math\Quaternion.h">
      <Filter>Engine\Math</Filter>
    </ClInclude>
    <ClInclude Include="Engine\Utility\Timer\DeltaTimer.h">
      <Filter>App\Utility\Timer</Filter>
    </ClInclude>
    <ClInclude Include="Engine\Utility\Lerp\Lerp.h">
      <Filter>App\Utility\Lerp</Filter>
    </ClInclude>
    <ClInclude Include="Engine\Utility\Easing\Easing.h">
      <Filter>App\Utility\Easing</Filter>
    </ClInclude>
    <ClInclude Include="Engine\Utility\KLib.h">
      <Filter>App\Utility</Filter>
    </ClInclude>
    <ClInclude Include="Engine\Sprite\Sprite.h">
      <Filter>App\Sprite</Filter>
    </ClInclude>
    <ClInclude Include="Engine\Sprite\SpriteManager.h">
      <Filter>App\Sprite</Filter>
    </ClInclude>
    <ClInclude Include="Engine\Utility\Animation\AnimationKey.h">
      <Filter>App\Utility\Animation</Filter>
    </ClInclude>
    <ClInclude Include="Engine\GameObject\SampleList.h">
      <Filter>App\GameObject</Filter>
    </ClInclude>
    <ClInclude Include="Engine\Scene\User\SampleScene.h">
      <Filter>App\Scene\User</Filter>
    </ClInclude>
    <ClInclude Include="Engine\Utility\Animation\AnimationKeys.h">
      <Filter>App\Utility\Animation</Filter>
    </ClInclude>
    <ClInclude Include="Engine\Particle\IParticleEmitter.h">
      <Filter>Engine\Particle</Filter>
    </ClInclude>
    <ClInclude Include="Engine\Particle\IParticle.h">
      <Filter>Engine\Particle</Filter>
    </ClInclude>
    <ClInclude Include="Engine\Particle\ParticleEmitterManager.h">
      <Filter>Engine\Particle</Filter>
    </ClInclude>
    <ClInclude Include="Engine\Utility\Animation\AnimationManager.h">
      <Filter>App\Utility\Animation</Filter>
    </ClInclude>
    <ClInclude Include="Engine\Utility\Animation\Animation.h">
      <Filter>App\Utility\Animation</Filter>
    </ClInclude>
    <ClInclude Include="Engine\GameObject\User\TestObject\TestObject.h">
      <Filter>App\GameObject\User\TestObject</Filter>
    </ClInclude>
    <ClInclude Include="Engine\Utility\Observer\Observer.h">
      <Filter>App\Utility\Observer</Filter>
    </ClInclude>
    <ClInclude Include="Engine\Utility\Line\Line.h">
      <Filter>App\Utility\Line</Filter>
    </ClInclude>
    <ClInclude Include="Engine\Utility\Line\Line.h">
      <Filter>App\Utility\Line</Filter>
    </ClInclude>
    <ClInclude Include="Game\Game.h">
      <Filter>Game</Filter>
    </ClInclude>
    <ClInclude Include="Engine\KEngine.h">
      <Filter>Engine</Filter>
    </ClInclude>
    <ClInclude Include="Engine\Scene\SceneManager.h">
      <Filter>Engine\Scene</Filter>
    </ClInclude>
    <ClInclude Include="Engine\Scene\ISceneFactory.h">
      <Filter>Engine\Scene</Filter>
    </ClInclude>
    <ClInclude Include="Engine\Scene\SceneFactory.h">
      <Filter>App\Scene</Filter>
    </ClInclude>
    <ClInclude Include="Engine\Utility\DataSegment\DataSegment.h">
      <Filter>App\Utility\DataSegment</Filter>
    </ClInclude>
    <ClInclude Include="Engine\Base\Config\Config.h">
      <Filter>Engine\Base\Config</Filter>
    </ClInclude>
    <ClInclude Include="Engine\Base\Command.h">
      <Filter>Engine\Base</Filter>
    </ClInclude>
    <ClInclude Include="Engine\Base\DescriptorHeaps\HeapManager.h">
      <Filter>Engine\Base\DescriptorHeaps</Filter>
    </ClInclude>
    <ClInclude Include="Engine\Base\DXC\DXC.h">
      <Filter>Engine\Base\DXC</Filter>
    </ClInclude>
    <ClInclude Include="Engine\Base\Renderer\NormalRenderer.h">
      <Filter>Engine\Base\Renderer</Filter>
    </ClInclude>
    <ClInclude Include="Engine\Base\Renderer\IRenderer.h">
      <Filter>Engine\Base\Renderer</Filter>
    </ClInclude>
    <ClInclude Include="Engine\Base\Renderer\RendererManager.h">
      <Filter>Engine\Base\Renderer</Filter>
    </ClInclude>
    <ClInclude Include="Engine\Base\Resource\IResource.h">
      <Filter>Engine\Base\Resource</Filter>
    </ClInclude>
    <ClInclude Include="Engine\Base\Resource\Data\ConstantBuffer.h">
      <Filter>Engine\Base\Resource\Data</Filter>
    </ClInclude>
    <ClInclude Include="Engine\Base\Resource\Data\IDataResource.h">
      <Filter>Engine\Base\Resource\Data</Filter>
    </ClInclude>
    <ClInclude Include="Engine\Base\Resource\Data\StructuredBuffer.h">
      <Filter>Engine\Base\Resource\Data</Filter>
    </ClInclude>
    <ClInclude Include="Engine\Base\Resource\Rendering\IRenderingResource.h">
      <Filter>Engine\Base\Resource\Rendering</Filter>
    </ClInclude>
    <ClInclude Include="Engine\Base\Resource\Rendering\TextureResource.h">
      <Filter>Engine\Base\Resource\Rendering</Filter>
    </ClInclude>
    <ClInclude Include="Engine\Base\Resource\Rendering\DepthStencil.h">
      <Filter>Engine\Base\Resource\Rendering</Filter>
    </ClInclude>
    <ClInclude Include="Engine\Base\Resource\Rendering\BackBuffer.h">
      <Filter>Engine\Base\Resource\Rendering</Filter>
    </ClInclude>
    <ClInclude Include="Engine\Base\RootSignature\ModelRootSignature.h">
      <Filter>Engine\Base\RootSignature</Filter>
    </ClInclude>
    <ClInclude Include="Engine\Base\RootSignature\RootSignatureManager.h">
      <Filter>Engine\Base\RootSignature</Filter>
    </ClInclude>
    <ClInclude Include="Engine\Base\RootSignature\IRootSignature.h">
      <Filter>Engine\Base\RootSignature</Filter>
    </ClInclude>
    <ClInclude Include="Engine\Utility\IndexList\IndexList.h">
      <Filter>App\Utility\IndexList</Filter>
    </ClInclude>
    <ClInclude Include="Engine\Utility\IndexList\Index.h">
      <Filter>App\Utility\IndexList</Filter>
    </ClInclude>
    <ClInclude Include="Engine\Utility\Counter\Counter.h">
      <Filter>App\Utility\Counter</Filter>
    </ClInclude>
    <ClInclude Include="Engine\Lighting\Light\DirectionalLight.h">
      <Filter>Engine\Lighting\Light</Filter>
    </ClInclude>
    <ClInclude Include="Engine\Lighting\Light\ILight.h">
      <Filter>Engine\Lighting\Light</Filter>
    </ClInclude>
    <ClInclude Include="Engine\Base\RootSignature\SkinModelRootSignature.h">
      <Filter>Engine\Base\RootSignature</Filter>
    </ClInclude>
    <ClInclude Include="Engine\GameObject\Samples\SampleSkinAnim\SampleAnim.h">
      <Filter>App\GameObject\Samples\SampleSkinAnim</Filter>
    </ClInclude>
    <ClInclude Include="Engine\Base\Renderer\PPRenderer.h">
      <Filter>Engine\Base\Renderer</Filter>
    </ClInclude>
    <ClInclude Include="Engine\Base\Resource\Rendering\RenderResource.h">
      <Filter>Engine\Base\Resource\Rendering</Filter>
    </ClInclude>
    <ClInclude Include="Engine\Base\Renderer\CopyRenderer.h">
      <Filter>Engine\Base\Renderer</Filter>
    </ClInclude>
    <ClInclude Include="Engine\Model\IModel.h">
      <Filter>Engine\Model</Filter>
    </ClInclude>
    <ClInclude Include="Engine\Model\ModelManager.h">
      <Filter>Engine\Model</Filter>
    </ClInclude>
    <ClInclude Include="Engine\Model\NormalModel.h">
      <Filter>Engine\Model</Filter>
    </ClInclude>
    <ClInclude Include="Engine\Model\SkiningModel.h">
      <Filter>Engine\Model</Filter>
    </ClInclude>
    <ClInclude Include="Engine\GameObject\QuatWorldTransform.h">
      <Filter>App\GameObject</Filter>
    </ClInclude>
    <ClInclude Include="Engine\Model\Component\Joint.h">
      <Filter>Engine\Model\Component</Filter>
    </ClInclude>
    <ClInclude Include="Engine\Model\Component\JointWeight.h">
      <Filter>Engine\Model\Component</Filter>
    </ClInclude>
    <ClInclude Include="Engine\Model\Component\Mesh.h">
      <Filter>Engine\Model\Component</Filter>
    </ClInclude>
    <ClInclude Include="Engine\Model\Component\Node.h">
      <Filter>Engine\Model\Component</Filter>
    </ClInclude>
    <ClInclude Include="Engine\Model\Component\Skelton.h">
      <Filter>Engine\Model\Component</Filter>
    </ClInclude>
    <ClInclude Include="Engine\Model\Component\SkinCluster.h">
      <Filter>Engine\Model\Component</Filter>
    </ClInclude>
    <ClInclude Include="Engine\Model\Data\ModelData.h">
      <Filter>Engine\Model\Data</Filter>
    </ClInclude>
    <ClInclude Include="Engine\Model\Data\ModelDataManager.h">
      <Filter>Engine\Model\Data</Filter>
    </ClInclude>
    <ClInclude Include="Engine\Model\Animation\SkinAnimation.h">
      <Filter>Engine\Model\Animation</Filter>
    </ClInclude>
    <ClInclude Include="Engine\Model\Animation\SkinAnimationManager.h">
      <Filter>Engine\Model\Animation</Filter>
    </ClInclude>
    <ClInclude Include="Engine\Model\Component\Vertex.h">
      <Filter>Engine\Model\Component</Filter>
    </ClInclude>
    <ClInclude Include="Engine\PostProcess\IPostProcess.h">
      <Filter>Engine\PostProcess</Filter>
    </ClInclude>
    <ClInclude Include="Engine\PostProcess\PostProcessor.h">
      <Filter>Engine\PostProcess</Filter>
    </ClInclude>
    <ClInclude Include="Engine\PostProcess\GrayScale\GrayScale.h">
      <Filter>Engine\PostProcess\GrayScale</Filter>
    </ClInclude>
    <ClInclude Include="Engine\PostProcess\GaussianFilter\GaussianFilter.h">
      <Filter>Engine\PostProcess\Gaussian</Filter>
    </ClInclude>
    <ClInclude Include="Engine\PostProcess\Vignette\Vignette.h">
      <Filter>Engine\PostProcess\Vignette</Filter>
    </ClInclude>
    <ClInclude Include="Engine\Base\RootSignature\ParticleRootSignature.h">
      <Filter>Engine\Base\RootSignature</Filter>
    </ClInclude>
    <ClInclude Include="Engine\Model\ParticleModel.h">
      <Filter>Engine\Model</Filter>
    </ClInclude>
    <ClInclude Include="Engine\GameObject\Samples\SampleParticle\SampleParticle.h">
      <Filter>App\GameObject\Samples\SampleParticle</Filter>
    </ClInclude>
    <ClInclude Include="Engine\Model\SpriteModel.h">
      <Filter>Engine\Model</Filter>
    </ClInclude>
    <ClInclude Include="Engine\Utility\Random\Random.h">
      <Filter>App\Utility\Random</Filter>
    </ClInclude>
    <ClInclude Include="Engine\Base\RootSignature\SpriteRootSignature.h">
      <Filter>Engine\Base\RootSignature</Filter>
    </ClInclude>
    <ClInclude Include="Engine\GameObject\Samples\SampleLevel\SampleLevelObjects.h" />
    <ClInclude Include="Engine\Level\LevelLoader.h" />
    <ClInclude Include="Engine\Utility\Angle\Angle.h" />
    <ClInclude Include="Engine\Primitive\2d\BillboardPlane.h" />
    <ClInclude Include="Engine\Primitive\2d\Plane.h" />
  </ItemGroup>
  <ItemGroup>
    <None Include="Externals\imgui\.editorconfig">
      <Filter>Externals\ImGui</Filter>
    </None>
    <None Include="Externals\imgui\.gitattributes">
      <Filter>Externals\ImGui</Filter>
    </None>
    <None Include="Externals\imgui\.gitignore">
      <Filter>Externals\ImGui</Filter>
    </None>
    <None Include="Engine\Resource\Shader\Meshlet.hlsli">
      <Filter>Engine\Resource\Shader</Filter>
    </None>
    <None Include="Engine\Resource\Shader\SkinMeshlet\MeshletSkin.hlsli">
      <Filter>Engine\Resource\Shader</Filter>
    </None>
    <None Include="Engine\Resource\Shader\PostProcess\PassThrough.hlsli">
      <Filter>Engine\Resource\Shader</Filter>
    </None>
    <None Include="Engine\Resource\Shader\PostProcess\GrayScale.hlsli">
      <Filter>Engine\Resource\Shader</Filter>
    </None>
    <None Include="Engine\Resource\Shader\SpriteMeshlet\MeshletSprite.hlsli">
      <Filter>Engine\Resource\Shader</Filter>
    </None>
    <None Include="Engine\Resource\Shader\ParticleMeshlet\ParticleMeshlet.hlsli">
      <Filter>Engine\Resource\Shader</Filter>
    </None>
  </ItemGroup>
  <ItemGroup>
    <Filter Include="Engine">
      <UniqueIdentifier>{410c006f-3ed8-4b56-a5bc-336d1acee8ef}</UniqueIdentifier>
    </Filter>
    <Filter Include="Engine\Audio">
      <UniqueIdentifier>{cdc28735-ee58-4706-8c55-9d7742cc5bd7}</UniqueIdentifier>
    </Filter>
    <Filter Include="Engine\Base">
      <UniqueIdentifier>{d34b0994-e5d0-4d38-8b5f-dd920dcb028c}</UniqueIdentifier>
    </Filter>
    <Filter Include="Engine\Base\DescriptorHeaps">
      <UniqueIdentifier>{f6691631-5f63-4089-be0c-897e9b375f7f}</UniqueIdentifier>
    </Filter>
    <Filter Include="Engine\Base\Device">
      <UniqueIdentifier>{0dafb9af-fe60-4b81-a141-9b7f32c2f190}</UniqueIdentifier>
    </Filter>
    <Filter Include="Engine\Base\PSO">
      <UniqueIdentifier>{66b5ba43-5908-4908-85e4-3696756ae501}</UniqueIdentifier>
    </Filter>
    <Filter Include="Engine\Collider">
      <UniqueIdentifier>{3d74ac5f-3244-4942-8648-980e216271a0}</UniqueIdentifier>
    </Filter>
    <Filter Include="Engine\Collider\Shape">
      <UniqueIdentifier>{90624c1b-4e9d-4395-a179-30f1589e163f}</UniqueIdentifier>
    </Filter>
    <Filter Include="Engine\Debug">
      <UniqueIdentifier>{a29e6f5f-3afe-4782-9daa-52cd64fb7cf0}</UniqueIdentifier>
    </Filter>
    <Filter Include="Engine\GlobalVariables">
      <UniqueIdentifier>{0e34d352-1728-40ee-a487-bf65837d942a}</UniqueIdentifier>
    </Filter>
    <Filter Include="Engine\Math">
      <UniqueIdentifier>{f2cd2653-c2e1-45f0-b0b9-481baba94153}</UniqueIdentifier>
    </Filter>
    <Filter Include="Engine\Input">
      <UniqueIdentifier>{2e94133f-b53e-4903-b4ae-b109bdd76131}</UniqueIdentifier>
    </Filter>
    <Filter Include="Engine\Particle">
      <UniqueIdentifier>{35ed7eb1-48ce-4485-9d6f-e794d8493628}</UniqueIdentifier>
    </Filter>
    <Filter Include="Engine\Particle\user">
      <UniqueIdentifier>{2347873e-0749-4013-b89a-e0b69857473d}</UniqueIdentifier>
    </Filter>
    <Filter Include="Engine\Primitive">
      <UniqueIdentifier>{5fc9c809-8734-4f5e-8651-85bdbe200e78}</UniqueIdentifier>
    </Filter>
    <Filter Include="Engine\Primitive\3d">
      <UniqueIdentifier>{5da4eff7-609f-4695-88a1-eed539634028}</UniqueIdentifier>
    </Filter>
    <Filter Include="Engine\Primitive\2d">
      <UniqueIdentifier>{ed71e37f-4dd0-470a-a23c-c86e4fe2e5da}</UniqueIdentifier>
    </Filter>
    <Filter Include="Engine\Resource">
      <UniqueIdentifier>{b2c8cb73-410f-4267-8a42-247c59b88259}</UniqueIdentifier>
    </Filter>
    <Filter Include="Engine\Resource\Shader">
      <UniqueIdentifier>{a755d675-5c8f-4292-994d-c54898f118d8}</UniqueIdentifier>
    </Filter>
    <Filter Include="Engine\Resource\Texture">
      <UniqueIdentifier>{114b41e8-1d06-4ce6-b12f-46be87dd982c}</UniqueIdentifier>
    </Filter>
    <Filter Include="Engine\Resource\Material">
      <UniqueIdentifier>{c3f5e39c-9e6c-4ace-9726-921e54810c5b}</UniqueIdentifier>
    </Filter>
    <Filter Include="App">
      <UniqueIdentifier>{1b95f390-2ad6-4ec0-b37a-dd359fe8fc5b}</UniqueIdentifier>
    </Filter>
    <Filter Include="App\Scene">
      <UniqueIdentifier>{6d872bc3-86ed-45ab-8f90-5be9ba0d9f05}</UniqueIdentifier>
    </Filter>
    <Filter Include="App\Scene\User">
      <UniqueIdentifier>{19111d30-375b-42f5-892b-22a7a66dd627}</UniqueIdentifier>
    </Filter>
    <Filter Include="App\Utility">
      <UniqueIdentifier>{c507d589-1a82-40b2-ac1c-f171606562f1}</UniqueIdentifier>
    </Filter>
    <Filter Include="App\Utility\Timer">
      <UniqueIdentifier>{05111ea3-bc1b-452c-94f8-cbb5372fffa9}</UniqueIdentifier>
    </Filter>
    <Filter Include="App\Utility\Lerp">
      <UniqueIdentifier>{4b65be02-5225-4357-ad00-042292f13c38}</UniqueIdentifier>
    </Filter>
    <Filter Include="App\Utility\Easing">
      <UniqueIdentifier>{e8356644-0f27-4d8e-8218-41dd7d1d5dc9}</UniqueIdentifier>
    </Filter>
    <Filter Include="App\Utility\Animation">
      <UniqueIdentifier>{e0beeaf0-3b5a-451f-96a4-9aaedb7e01b6}</UniqueIdentifier>
    </Filter>
    <Filter Include="App\Utility\Line">
      <UniqueIdentifier>{374c13ec-a14c-45d2-b7ec-b81642bcd6e3}</UniqueIdentifier>
    </Filter>
    <Filter Include="App\GameObject">
      <UniqueIdentifier>{aa622da1-e859-4aeb-956f-1b00f16f033f}</UniqueIdentifier>
    </Filter>
    <Filter Include="App\GameObject\Core">
      <UniqueIdentifier>{d4d5bd11-e154-4a9a-b4ae-2044cd310347}</UniqueIdentifier>
    </Filter>
    <Filter Include="App\GameObject\Samples">
      <UniqueIdentifier>{89284fb6-f950-449c-974e-bdfdbe7ea9ed}</UniqueIdentifier>
    </Filter>
    <Filter Include="App\GameObject\Samples\SkyDome">
      <UniqueIdentifier>{8065e286-0718-421c-ba52-72d1062819ab}</UniqueIdentifier>
    </Filter>
    <Filter Include="App\GameObject\User">
      <UniqueIdentifier>{e4d282eb-c22f-46f5-a5d1-e5fa5125b0e2}</UniqueIdentifier>
    </Filter>
    <Filter Include="App\GameObject\User\TestObject">
      <UniqueIdentifier>{52c77563-6463-40a5-856f-83b0927ce8e1}</UniqueIdentifier>
    </Filter>
    <Filter Include="Externals">
      <UniqueIdentifier>{b1b6203e-2529-46d6-9b96-a6f523657829}</UniqueIdentifier>
    </Filter>
    <Filter Include="Externals\ImGui">
      <UniqueIdentifier>{13a20c8e-a633-49aa-adb7-a30fe43c4191}</UniqueIdentifier>
    </Filter>
    <Filter Include="App\Utility\Observer">
      <UniqueIdentifier>{1911f2d9-37bd-4660-ba92-80feba5155d1}</UniqueIdentifier>
    </Filter>
    <Filter Include="Game">
      <UniqueIdentifier>{d78747ab-06c5-47b0-88ad-2075142a0e5c}</UniqueIdentifier>
    </Filter>
    <Filter Include="Engine\Scene">
      <UniqueIdentifier>{427a96d7-68dc-4a21-9ff7-c7d1d8ce5faa}</UniqueIdentifier>
    </Filter>
    <Filter Include="App\Sprite">
      <UniqueIdentifier>{89930de6-5713-4b33-a25e-c80afe7ab47c}</UniqueIdentifier>
    </Filter>
    <Filter Include="App\Utility\DataSegment">
      <UniqueIdentifier>{9e357208-003e-40e1-b204-427750b773bc}</UniqueIdentifier>
    </Filter>
    <Filter Include="Engine\Base\Config">
      <UniqueIdentifier>{7461f27d-5bf0-4b83-be24-ebf8d4b255b0}</UniqueIdentifier>
    </Filter>
    <Filter Include="Engine\Base\DXC">
      <UniqueIdentifier>{5f86f586-f855-440b-b5d0-50a357f86cf2}</UniqueIdentifier>
    </Filter>
    <Filter Include="Engine\Base\Renderer">
      <UniqueIdentifier>{ec25fbde-bc1b-441c-ac64-8e5e6d6898e4}</UniqueIdentifier>
    </Filter>
    <Filter Include="Engine\Base\Resource">
      <UniqueIdentifier>{a8f83edd-0004-4579-ba63-b548c6133736}</UniqueIdentifier>
    </Filter>
    <Filter Include="Engine\Base\Resource\Data">
      <UniqueIdentifier>{011a1bf2-57e2-4bab-b104-18b2dbe3ecce}</UniqueIdentifier>
    </Filter>
    <Filter Include="Engine\Base\Resource\Rendering">
      <UniqueIdentifier>{1d67c21f-9006-4090-9b39-155bc82f9784}</UniqueIdentifier>
    </Filter>
    <Filter Include="Engine\Base\RootSignature">
      <UniqueIdentifier>{ebdf12b0-c571-49c7-8ce0-8c7e6a7e0efd}</UniqueIdentifier>
    </Filter>
    <Filter Include="App\Utility\IndexList">
      <UniqueIdentifier>{50378334-9141-4942-9677-47f44c1ca8a3}</UniqueIdentifier>
    </Filter>
    <Filter Include="App\Utility\Counter">
      <UniqueIdentifier>{b911f9a4-fabc-4627-97f0-b449a317fc64}</UniqueIdentifier>
    </Filter>
    <Filter Include="Engine\Lighting">
      <UniqueIdentifier>{80ac618a-745d-4ebf-89a9-a75f81615d36}</UniqueIdentifier>
    </Filter>
    <Filter Include="Engine\Lighting\Light">
      <UniqueIdentifier>{7880eb9d-02d6-4256-bdc1-469aadf597ad}</UniqueIdentifier>
    </Filter>
    <Filter Include="App\GameObject\Samples\SampleSkinAnim">
      <UniqueIdentifier>{cb6ba954-25d6-4a66-9c44-e37c00631c88}</UniqueIdentifier>
    </Filter>
    <Filter Include="Engine\Model">
      <UniqueIdentifier>{08017a48-9acf-451d-8bf8-0422d2fac9c0}</UniqueIdentifier>
    </Filter>
    <Filter Include="Engine\Model\Component">
      <UniqueIdentifier>{da6445fb-aa0b-4615-8a2c-d3e323a2fcdc}</UniqueIdentifier>
    </Filter>
    <Filter Include="Engine\Model\Animation">
      <UniqueIdentifier>{bb2a4a63-0762-4ba9-8adf-37edfd5705f8}</UniqueIdentifier>
    </Filter>
    <Filter Include="Engine\Model\Data">
      <UniqueIdentifier>{e6212f2d-3811-498e-8db5-b53d4aa817f8}</UniqueIdentifier>
    </Filter>
    <Filter Include="Engine\PostProcess">
      <UniqueIdentifier>{9877d7d2-7451-43e9-922e-29efbd3c403a}</UniqueIdentifier>
    </Filter>
    <Filter Include="Engine\PostProcess\GrayScale">
      <UniqueIdentifier>{7747b170-335a-48ef-94fc-284743f3236f}</UniqueIdentifier>
    </Filter>
    <Filter Include="Engine\PostProcess\Gaussian">
      <UniqueIdentifier>{2171e51e-5102-4a40-ae2c-ec2b45bd2563}</UniqueIdentifier>
    </Filter>
    <Filter Include="Engine\PostProcess\Vignette">
      <UniqueIdentifier>{d3d76cfa-f2e7-4cee-a16c-cff1fced587b}</UniqueIdentifier>
    </Filter>
    <Filter Include="App\GameObject\Samples\SampleParticle">
      <UniqueIdentifier>{8e79553b-4a34-4e1a-8893-bb2417e4b2bb}</UniqueIdentifier>
    </Filter>
    <Filter Include="App\Utility\Random">
      <UniqueIdentifier>{b58389cd-5728-4acc-8f7a-517062c7cb8f}</UniqueIdentifier>
    </Filter>
  </ItemGroup>
  <ItemGroup>
    <Text Include="Externals\imgui\LICENSE.txt">
      <Filter>Externals\ImGui</Filter>
    </Text>
  </ItemGroup>
  <ItemGroup>
    <FxCompile Include="Engine\Resource\Shader\MeshletPS.hlsl">
      <Filter>Engine\Resource\Shader</Filter>
    </FxCompile>
    <FxCompile Include="Engine\Resource\Shader\MeshletMS.hlsl">
      <Filter>Engine\Resource\Shader</Filter>
    </FxCompile>
    <FxCompile Include="Engine\Resource\Shader\SkinMeshlet\MeshletSkinMS.hlsl">
      <Filter>Engine\Resource\Shader</Filter>
    </FxCompile>
    <FxCompile Include="Engine\Resource\Shader\SkinMeshlet\MeshletSkinPS.hlsl">
      <Filter>Engine\Resource\Shader</Filter>
    </FxCompile>
    <FxCompile Include="Engine\Resource\Shader\PostProcess\PassThroughVS.hlsl">
      <Filter>Engine\Resource\Shader</Filter>
    </FxCompile>
    <FxCompile Include="Engine\Resource\Shader\PostProcess\GrayScalePS.hlsl">
      <Filter>Engine\Resource\Shader</Filter>
    </FxCompile>
    <FxCompile Include="Engine\Resource\Shader\PostProcess\VignettePS.hlsl">
      <Filter>Engine\Resource\Shader</Filter>
    </FxCompile>
    <FxCompile Include="Engine\Resource\Shader\PostProcess\SmoothingPS.hlsl">
      <Filter>Engine\Resource\Shader</Filter>
    </FxCompile>
    <FxCompile Include="Engine\Resource\Shader\SpriteMeshlet\MeshletSpriteMS.hlsl">
      <Filter>Engine\Resource\Shader</Filter>
    </FxCompile>
    <FxCompile Include="Engine\Resource\Shader\SpriteMeshlet\MeshletSpritePS.hlsl">
      <Filter>Engine\Resource\Shader</Filter>
    </FxCompile>
    <FxCompile Include="Engine\Resource\Shader\ParticleMeshlet\ParticleMeshletAS.hlsl">
      <Filter>Engine\Resource\Shader</Filter>
    </FxCompile>
    <FxCompile Include="Engine\Resource\Shader\ParticleMeshlet\ParticleMeshletMS.hlsl">
      <Filter>Engine\Resource\Shader</Filter>
    </FxCompile>
    <FxCompile Include="Engine\Resource\Shader\ParticleMeshlet\ParticleMeshletPS.hlsl">
      <Filter>Engine\Resource\Shader</Filter>
    </FxCompile>
  </ItemGroup>
</Project>